PODS:
  - Alamofire (4.8.2)
  - ForecastIO (8.0.0)
  - ObjectMapper (4.2.0)
  - RecastAI (3.5.0):
    - Alamofire
    - ObjectMapper

DEPENDENCIES:
  - Alamofire (~> 4.8.0)
  - ForecastIO
  - RecastAI

SPEC REPOS:
  trunk:
    - Alamofire
    - ForecastIO
    - ObjectMapper
    - RecastAI

SPEC CHECKSUMS:
  Alamofire: ae5c501addb7afdbb13687d7f2f722c78734c2d3
  ForecastIO: 68f8231be20748446036263a438cc449886a65ca
  ObjectMapper: 1eb41f610210777375fa806bf161dc39fb832b81
  RecastAI: d9abaf97f914a07cc10ee0cb8be89bfe2b942280

PODFILE CHECKSUM: 55bec8ab8b8fa4c7dc3a8b6ed71431eeae75910c

COCOAPODS: 1.11.3
